
Microsoft Visual Studio Solution File, Format Version 12.00
# Visual Studio 15
VisualStudioVersion = 15.0.27428.2011
MinimumVisualStudioVersion = 10.0.40219.1
Project("{FAE04EC0-301F-11D3-BF4B-00C04F79EFBC}") = "LocalMessageReceiver", "LocalMessageReceiver.csproj", "{AD3FF68A-D3F7-4716-A016-3F3F2FBE0B74}"
EndProject
Global
	GlobalSection(SolutionConfigurationPlatforms) = preSolution
		Debug|Any CPU = Debug|Any CPU
		Release|Any CPU = Release|Any CPU
	EndGlobalSection
	GlobalSection(ProjectConfigurationPlatforms) = postSolution
		{AD3FF68A-D3F7-4716-A016-3F3F2FBE0B74}.Debug|Any CPU.ActiveCfg = Debug|Any CPU
		{AD3FF68A-D3F7-4716-A016-3F3F2FBE0B74}.Debug|Any CPU.Build.0 = Debug|Any CPU
		{AD3FF68A-D3F7-4716-A016-3F3F2FBE0B74}.Release|Any CPU.ActiveCfg = Release|Any CPU
		{AD3FF68A-D3F7-4716-A016-3F3F2FBE0B74}.Release|Any CPU.Build.0 = Release|Any CPU
	EndGlobalSection
	GlobalSection(SolutionProperties) = preSolution
		HideSolutionNode = FALSE
	EndGlobalSection
	GlobalSection(ExtensibilityGlobals) = postSolution
		SolutionGuid = {4F22E4C3-051A-4666-99CB-1206116D9782}
	EndGlobalSection
EndGlobal
